Microsoft Visual Studio Solution File, Format Version 12.00
# Visual Studio Version 17
VisualStudioVersion = 17.5.2.0
MinimumVisualStudioVersion = 10.0.40219.1
Project("{FAE04EC0-301F-11D3-BF4B-00C04F79EFBC}") = "khan-e-azam-website", "khan-e-azam-website.csproj", "{A6DC1341-DEF3-947D-037D-8BB9B4851E56}"
EndProject
Global
	GlobalSection(SolutionConfigurationPlatforms) = preSolution
		Debug|Any CPU = Debug|Any CPU
		Release|Any CPU = Release|Any CPU
	EndGlobalSection
	GlobalSection(ProjectConfigurationPlatforms) = postSolution
		{A6DC1341-DEF3-947D-037D-8BB9B4851E56}.Debug|Any CPU.ActiveCfg = Debug|Any CPU
		{A6DC1341-DEF3-947D-037D-8BB9B4851E56}.Debug|Any CPU.Build.0 = Debug|Any CPU
		{A6DC1341-DEF3-947D-037D-8BB9B4851E56}.Release|Any CPU.ActiveCfg = Release|Any CPU
		{A6DC1341-DEF3-947D-037D-8BB9B4851E56}.Release|Any CPU.Build.0 = Release|Any CPU
	EndGlobalSection
	GlobalSection(SolutionProperties) = preSolution
		HideSolutionNode = FALSE
	EndGlobalSection
	GlobalSection(ExtensibilityGlobals) = postSolution
		SolutionGuid = {528E5236-3747-4EFA-B26D-342AA3A70F20}
	EndGlobalSection
EndGlobal
